// !$*UTF8*$!
{
	archiveVersion = 1;
	classes = {
	};
	objectVersion = 48;
	objects = {

/* Begin PBXBuildFile section */
		B015F39A202446CB0008E054 /* AppDelegate.swift in Sources */ = {isa = PBXBuildFile; fileRef = B015F399202446CB0008E054 /* AppDelegate.swift */; };
		B015F39C202446CB0008E054 /* ViewController.swift in Sources */ = {isa = PBXBuildFile; fileRef = B015F39B202446CB0008E054 /* ViewController.swift */; };
		B015F39F202446CB0008E054 /* Main.storyboard in Resources */ = {isa = PBXBuildFile; fileRef = B015F39D202446CB0008E054 /* Main.storyboard */; };
		B015F3A2202446CB0008E054 /* CoreDataDemo.xcdatamodeld in Sources */ = {isa = PBXBuildFile; fileRef = B015F3A0202446CB0008E054 /* CoreDataDemo.xcdatamodeld */; };
		B015F3A4202446CB0008E054 /* Assets.xcassets in Resources */ = {isa = PBXBuildFile; fileRef = B015F3A3202446CB0008E054 /* Assets.xcassets */; };
		B015F3A7202446CB0008E054 /* LaunchScreen.storyboard in Resources */ = {isa = PBXBuildFile; fileRef = B015F3A5202446CB0008E054 /* LaunchScreen.storyboard */; };
		B015F3B2202446CC0008E054 /* CoreDataDemoTests.swift in Sources */ = {isa = PBXBuildFile; fileRef = B015F3B1202446CC0008E054 /* CoreDataDemoTests.swift */; };
		B015F3BD202446CC0008E054 /* CoreDataDemoUITests.swift in Sources */ = {isa = PBXBuildFile; fileRef = B015F3BC202446CC0008E054 /* CoreDataDemoUITests.swift */; };
		B015F3CC202446D70008E054 /* CoreDataTools.swift in Sources */ = {isa = PBXBuildFile; fileRef = B015F3CB202446D70008E054 /* CoreDataTools.swift */; };
/* End PBXBuildFile section */

/* Begin PBXContainerItemProxy section */
		B015F3AE202446CC0008E054 /* PBXContainerItemProxy */ = {
			isa = PBXContainerItemProxy;
			containerPortal = B015F38E202446CB0008E054 /* Project object */;
			proxyType = 1;
			remoteGlobalIDString = B015F395202446CB0008E054;
			remoteInfo = CoreDataDemo;
		};
		B015F3B9202446CC0008E054 /* PBXContainerItemProxy */ = {
			isa = PBXContainerItemProxy;
			containerPortal = B015F38E202446CB0008E054 /* Project object */;
			proxyType = 1;
			remoteGlobalIDString = B015F395202446CB0008E054;
			remoteInfo = CoreDataDemo;
		};
/* End PBXContainerItemProxy section */

/* Begin PBXFileReference section */
		B015F396202446CB0008E054 /* CoreDataDemo.app */ = {isa = PBXFileReference; explicitFileType = wrapper.application; includeInIndex = 0; path = CoreDataDemo.app; sourceTree = BUILT_PRODUCTS_DIR; };
		B015F399202446CB0008E054 /* AppDelegate.swift */ = {isa = PBXFileReference; lastKnownFileType = sourcecode.swift; path = AppDelegate.swift; sourceTree = "<group>"; };
		B015F39B202446CB0008E054 /* ViewController.swift */ = {isa = PBXFileReference; lastKnownFileType = sourcecode.swift; path = ViewController.swift; sourceTree = "<group>"; };
		B015F39E202446CB0008E054 /* Base */ = {isa = PBXFileReference; lastKnownFileType = file.storyboard; name = Base; path = Base.lproj/Main.storyboard; sourceTree = "<group>"; };
		B015F3A1202446CB0008E054 /* CoreDataDemo.xcdatamodel */ = {isa = PBXFileReference; lastKnownFileType = wrapper.xcdatamodel; path = CoreDataDemo.xcdatamodel; sourceTree = "<group>"; };
		B015F3A3202446CB0008E054 /* Assets.xcassets */ = {isa = PBXFileReference; lastKnownFileType = folder.assetcatalog; path = Assets.xcassets; sourceTree = "<group>"; };
		B015F3A6202446CB0008E054 /* Base */ = {isa = PBXFileReference; lastKnownFileType = file.storyboard; name = Base; path = Base.lproj/LaunchScreen.storyboard; sourceTree = "<group>"; };
		B015F3A8202446CB0008E054 /* Info.plist */ = {isa = PBXFileReference; lastKnownFileType = text.plist.xml; path = Info.plist; sourceTree = "<group>"; };
		B015F3AD202446CC0008E054 /* CoreDataDemoTests.xctest */ = {isa = PBXFileReference; explicitFileType = wrapper.cfbundle; includeInIndex = 0; path = CoreDataDemoTests.xctest; sourceTree = BUILT_PRODUCTS_DIR; };
		B015F3B1202446CC0008E054 /* CoreDataDemoTests.swift */ = {isa = PBXFileReference; lastKnownFileType = sourcecode.swift; path = CoreDataDemoTests.swift; sourceTree = "<group>"; };
		B015F3B3202446CC0008E054 /* Info.plist */ = {isa = PBXFileReference; lastKnownFileType = text.plist.xml; path = Info.plist; sourceTree = "<group>"; };
		B015F3B8202446CC0008E054 /* CoreDataDemoUITests.xctest */ = {isa = PBXFileReference; explicitFileType = wrapper.cfbundle; includeInIndex = 0; path = CoreDataDemoUITests.xctest; sourceTree = BUILT_PRODUCTS_DIR; };
		B015F3BC202446CC0008E054 /* CoreDataDemoUITests.swift */ = {isa = PBXFileReference; lastKnownFileType = sourcecode.swift; path = CoreDataDemoUITests.swift; sourceTree = "<group>"; };
		B015F3BE202446CC0008E054 /* Info.plist */ = {isa = PBXFileReference; lastKnownFileType = text.plist.xml; path = Info.plist; sourceTree = "<group>"; };
		B015F3CB202446D70008E054 /* CoreDataTools.swift */ = {isa = PBXFileReference; fileEncoding = 4; lastKnownFileType = sourcecode.swift; path = CoreDataTools.swift; sourceTree = "<group>"; };
/* End PBXFileReference section */

/* Begin PBXFrameworksBuildPhase section */
		B015F393202446CB0008E054 /* Frameworks */ = {
			isa = PBXFrameworksBuildPhase;
			buildActionMask = 2147483647;
			files = (
			);
			runOnlyForDeploymentPostprocessing = 0;
		};
		B015F3AA202446CC0008E054 /* Frameworks */ = {
			isa = PBXFrameworksBuildPhase;
			buildActionMask = 2147483647;
			files = (
			);
			runOnlyForDeploymentPostprocessing = 0;
		};
		B015F3B5202446CC0008E054 /* Frameworks */ = {
			isa = PBXFrameworksBuildPhase;
			buildActionMask = 2147483647;
			files = (
			);
			runOnlyForDeploymentPostprocessing = 0;
		};
/* End PBXFrameworksBuildPhase section */

/* Begin PBXGroup section */
		B015F38D202446CB0008E054 = {
			isa = PBXGroup;
			children = (
				B015F398202446CB0008E054 /* CoreDataDemo */,
				B015F3B0202446CC0008E054 /* CoreDataDemoTests */,
				B015F3BB202446CC0008E054 /* CoreDataDemoUITests */,
				B015F397202446CB0008E054 /* Products */,
			);
			sourceTree = "<group>";
		};
		B015F397202446CB0008E054 /* Products */ = {
			isa = PBXGroup;
			children = (
				B015F396202446CB0008E054 /* CoreDataDemo.app */,
				B015F3AD202446CC0008E054 /* CoreDataDemoTests.xctest */,
				B015F3B8202446CC0008E054 /* CoreDataDemoUITests.xctest */,
			);
			name = Products;
			sourceTree = "<group>";
		};
		B015F398202446CB0008E054 /* CoreDataDemo */ = {
			isa = PBXGroup;
			children = (
				B015F3CA202446D70008E054 /* CoreDataTools */,
				B015F399202446CB0008E054 /* AppDelegate.swift */,
				B015F39B202446CB0008E054 /* ViewController.swift */,
				B015F39D202446CB0008E054 /* Main.storyboard */,
				B015F3A3202446CB0008E054 /* Assets.xcassets */,
				B015F3A5202446CB0008E054 /* LaunchScreen.storyboard */,
				B015F3A8202446CB0008E054 /* Info.plist */,
				B015F3A0202446CB0008E054 /* CoreDataDemo.xcdatamodeld */,
			);
			path = CoreDataDemo;
			sourceTree = "<group>";
		};
		B015F3B0202446CC0008E054 /* CoreDataDemoTests */ = {
			isa = PBXGroup;
			children = (
				B015F3B1202446CC0008E054 /* CoreDataDemoTests.swift */,
				B015F3B3202446CC0008E054 /* Info.plist */,
			);
			path = CoreDataDemoTests;
			sourceTree = "<group>";
		};
		B015F3BB202446CC0008E054 /* CoreDataDemoUITests */ = {
			isa = PBXGroup;
			children = (
				B015F3BC202446CC0008E054 /* CoreDataDemoUITests.swift */,
				B015F3BE202446CC0008E054 /* Info.plist */,
			);
			path = CoreDataDemoUITests;
			sourceTree = "<group>";
		};
		B015F3CA202446D70008E054 /* CoreDataTools */ = {
			isa = PBXGroup;
			children = (
				B015F3CB202446D70008E054 /* CoreDataTools.swift */,
			);
			path = CoreDataTools;
			sourceTree = "<group>";
		};
/* End PBXGroup section */

/* Begin PBXNativeTarget section */
		B015F395202446CB0008E054 /* CoreDataDemo */ = {
			isa = PBXNativeTarget;
			buildConfigurationList = B015F3C1202446CC0008E054 /* Build configuration list for PBXNativeTarget "CoreDataDemo" */;
			buildPhases = (
				B015F392202446CB0008E054 /* Sources */,
				B015F393202446CB0008E054 /* Frameworks */,
				B015F394202446CB0008E054 /* Resources */,
			);
			buildRules = (
			);
			dependencies = (
			);
			name = CoreDataDemo;
			productName = CoreDataDemo;
			productReference = B015F396202446CB0008E054 /* CoreDataDemo.app */;
			productType = "com.apple.product-type.application";
		};
		B015F3AC202446CC0008E054 /* CoreDataDemoTests */ = {
			isa = PBXNativeTarget;
			buildConfigurationList = B015F3C4202446CC0008E054 /* Build configuration list for PBXNativeTarget "CoreDataDemoTests" */;
			buildPhases = (
				B015F3A9202446CC0008E054 /* Sources */,
				B015F3AA202446CC0008E054 /* Frameworks */,
				B015F3AB202446CC0008E054 /* Resources */,
			);
			buildRules = (
			);
			dependencies = (
				B015F3AF202446CC0008E054 /* PBXTargetDependency */,
			);
			name = CoreDataDemoTests;
			productName = CoreDataDemoTests;
			productReference = B015F3AD202446CC0008E054 /* CoreDataDemoTests.xctest */;
			productType = "com.apple.product-type.bundle.unit-test";
		};
		B015F3B7202446CC0008E054 /* CoreDataDemoUITests */ = {
			isa = PBXNativeTarget;
			buildConfigurationList = B015F3C7202446CC0008E054 /* Build configuration list for PBXNativeTarget "CoreDataDemoUITests" */;
			buildPhases = (
				B015F3B4202446CC0008E054 /* Sources */,
				B015F3B5202446CC0008E054 /* Frameworks */,
				B015F3B6202446CC0008E054 /* Resources */,
			);
			buildRules = (
			);
			dependencies = (
				B015F3BA202446CC0008E054 /* PBXTargetDependency */,
			);
			name = CoreDataDemoUITests;
			productName = CoreDataDemoUITests;
			productReference = B015F3B8202446CC0008E054 /* CoreDataDemoUITests.xctest */;
			productType = "com.apple.product-type.bundle.ui-testing";
		};
/* End PBXNativeTarget section */

/* Begin PBXProject section */
		B015F38E202446CB0008E054 /* Project object */ = {
			isa = PBXProject;
			attributes = {
				LastSwiftUpdateCheck = 0920;
				LastUpgradeCheck = 0920;
				ORGANIZATIONNAME = caolongjian;
				TargetAttributes = {
					B015F395202446CB0008E054 = {
						CreatedOnToolsVersion = 9.2;
						ProvisioningStyle = Automatic;
					};
					B015F3AC202446CC0008E054 = {
						CreatedOnToolsVersion = 9.2;
						ProvisioningStyle = Automatic;
						TestTargetID = B015F395202446CB0008E054;
					};
					B015F3B7202446CC0008E054 = {
						CreatedOnToolsVersion = 9.2;
						ProvisioningStyle = Automatic;
						TestTargetID = B015F395202446CB0008E054;
					};
				};
			};
			buildConfigurationList = B015F391202446CB0008E054 /* Build configuration list for PBXProject "CoreDataDemo" */;
			compatibilityVersion = "Xcode 8.0";
			developmentRegion = en;
			hasScannedForEncodings = 0;
			knownRegions = (
				en,
				Base,
			);
			mainGroup = B015F38D202446CB0008E054;
			productRefGroup = B015F397202446CB0008E054 /* Products */;
			projectDirPath = "";
			projectRoot = "";
			targets = (
				B015F395202446CB0008E054 /* CoreDataDemo */,
				B015F3AC202446CC0008E054 /* CoreDataDemoTests */,
				B015F3B7202446CC0008E054 /* CoreDataDemoUITests */,
			);
		};
/* End PBXProject section */

/* Begin PBXResourcesBuildPhase section */
		B015F394202446CB0008E054 /* Resources */ = {
			isa = PBXResourcesBuildPhase;
			buildActionMask = 2147483647;
			files = (
				B015F3A7202446CB0008E054 /* LaunchScreen.storyboard in Resources */,
				B015F3A4202446CB0008E054 /* Assets.xcassets in Resources */,
				B015F39F202446CB0008E054 /* Main.storyboard in Resources */,
			);
			runOnlyForDeploymentPostprocessing = 0;
		};
		B015F3AB202446CC0008E054 /* Resources */ = {
			isa = PBXResourcesBuildPhase;
			buildActionMask = 2147483647;
			files = (
			);
			runOnlyForDeploymentPostprocessing = 0;
		};
		B015F3B6202446CC0008E054 /* Resources */ = {
			isa = PBXResourcesBuildPhase;
			buildActionMask = 2147483647;
			files = (
			);
			runOnlyForDeploymentPostprocessing = 0;
		};
/* End PBXResourcesBuildPhase section */

/* Begin PBXSourcesBuildPhase section */
		B015F392202446CB0008E054 /* Sources */ = {
			isa = PBXSourcesBuildPhase;
			buildActionMask = 2147483647;
			files = (
				B015F39C202446CB0008E054 /* ViewController.swift in Sources */,
				B015F3A2202446CB0008E054 /* CoreDataDemo.xcdatamodeld in Sources */,
				B015F3CC202446D70008E054 /* CoreDataTools.swift in Sources */,
				B015F39A202446CB0008E054 /* AppDelegate.swift in Sources */,
			);
			runOnlyForDeploymentPostprocessing = 0;
		};
		B015F3A9202446CC0008E054 /* Sources */ = {
			isa = PBXSourcesBuildPhase;
			buildActionMask = 2147483647;
			files = (
				B015F3B2202446CC0008E054 /* CoreDataDemoTests.swift in Sources */,
			);
			runOnlyForDeploymentPostprocessing = 0;
		};
		B015F3B4202446CC0008E054 /* Sources */ = {
			isa = PBXSourcesBuildPhase;
			buildActionMask = 2147483647;
			files = (
				B015F3BD202446CC0008E054 /* CoreDataDemoUITests.swift in Sources */,
			);
			runOnlyForDeploymentPostprocessing = 0;
		};
/* End PBXSourcesBuildPhase section */

/* Begin PBXTargetDependency section */
		B015F3AF202446CC0008E054 /* PBXTargetDependency */ = {
			isa = PBXTargetDependency;
			target = B015F395202446CB0008E054 /* CoreDataDemo */;
			targetProxy = B015F3AE202446CC0008E054 /* PBXContainerItemProxy */;
		};
		B015F3BA202446CC0008E054 /* PBXTargetDependency */ = {
			isa = PBXTargetDependency;
			target = B015F395202446CB0008E054 /* CoreDataDemo */;
			targetProxy = B015F3B9202446CC0008E054 /* PBXContainerItemProxy */;
		};
/* End PBXTargetDependency section */

/* Begin PBXVariantGroup section */
		B015F39D202446CB0008E054 /* Main.storyboard */ = {
			isa = PBXVariantGroup;
			children = (
				B015F39E202446CB0008E054 /* Base */,
			);
			name = Main.storyboard;
			sourceTree = "<group>";
		};
		B015F3A5202446CB0008E054 /* LaunchScreen.storyboard */ = {
			isa = PBXVariantGroup;
			children = (
				B015F3A6202446CB0008E054 /* Base */,
			);
			name = LaunchScreen.storyboard;
			sourceTree = "<group>";
		};
/* End PBXVariantGroup section */

/* Begin XCBuildConfiguration section */
		B015F3BF202446CC0008E054 /* Debug */ = {
			isa = XCBuildConfiguration;
			buildSettings = {
				ALWAYS_SEARCH_USER_PATHS = NO;
				CLANG_ANALYZER_NONNULL = YES;
				CLANG_ANALYZER_NUMBER_OBJECT_CONVERSION = YES_AGGRESSIVE;
				CLANG_CXX_LANGUAGE_STANDARD = "gnu++14";
				CLANG_CXX_LIBRARY = "libc++";
				CLANG_ENABLE_MODULES = YES;
				CLANG_ENABLE_OBJC_ARC = YES;
				CLANG_WARN_BLOCK_CAPTURE_AUTORELEASING = YES;
				CLANG_WARN_BOOL_CONVERSION = YES;
				CLANG_WARN_COMMA = YES;
				CLANG_WARN_CONSTANT_CONVERSION = YES;
				CLANG_WARN_DIRECT_OBJC_ISA_USAGE = YES_ERROR;
				CLANG_WARN_DOCUMENTATION_COMMENTS = YES;
				CLANG_WARN_EMPTY_BODY = YES;
				CLANG_WARN_ENUM_CONVERSION = YES;
				CLANG_WARN_INFINITE_RECURSION = YES;
				CLANG_WARN_INT_CONVERSION = YES;
				CLANG_WARN_NON_LITERAL_NULL_CONVERSION = YES;
				CLANG_WARN_OBJC_LITERAL_CONVERSION = YES;
				CLANG_WARN_OBJC_ROOT_CLASS = YES_ERROR;
				CLANG_WARN_RANGE_LOOP_ANALYSIS = YES;
				CLANG_WARN_STRICT_PROTOTYPES = YES;
				CLANG_WARN_SUSPICIOUS_MOVE = YES;
				CLANG_WARN_UNGUARDED_AVAILABILITY = YES_AGGRESSIVE;
				CLANG_WARN_UNREACHABLE_CODE = YES;
				CLANG_WARN__DUPLICATE_METHOD_MATCH = YES;
				CODE_SIGN_IDENTITY = "iPhone Developer";
				COPY_PHASE_STRIP = NO;
				DEBUG_INFORMATION_FORMAT = dwarf;
				ENABLE_STRICT_OBJC_MSGSEND = YES;
				ENABLE_TESTABILITY = YES;
				GCC_C_LANGUAGE_STANDARD = gnu11;
				GCC_DYNAMIC_NO_PIC = NO;
				GCC_NO_COMMON_BLOCKS = YES;
				GCC_OPTIMIZATION_LEVEL = 0;
				GCC_PREPROCESSOR_DEFINITIONS = (
					"DEBUG=1",
					"$(inherited)",
				);
				GCC_WARN_64_TO_32_BIT_CONVERSION = YES;
				GCC_WARN_ABOUT_RETURN_TYPE = YES_ERROR;
				GCC_WARN_UNDECLARED_SELECTOR = YES;
				GCC_WARN_UNINITIALIZED_AUTOS = YES_AGGRESSIVE;
				GCC_WARN_UNUSED_FUNCTION = YES;
				GCC_WARN_UNUSED_VARIABLE = YES;
				IPHONEOS_DEPLOYMENT_TARGET = 11.2;
				MTL_ENABLE_DEBUG_INFO = YES;
				ONLY_ACTIVE_ARCH = YES;
				SDKROOT = iphoneos;
				SWIFT_ACTIVE_COMPILATION_CONDITIONS = DEBUG;
				SWIFT_OPTIMIZATION_LEVEL = "-Onone";
			};
			name = Debug;
		};
		B015F3C0202446CC0008E054 /* Release */ = {
			isa = XCBuildConfiguration;
			buildSettings = {
				ALWAYS_SEARCH_USER_PATHS = NO;
				CLANG_ANALYZER_NONNULL = YES;
				CLANG_ANALYZER_NUMBER_OBJECT_CONVERSION = YES_AGGRESSIVE;
				CLANG_CXX_LANGUAGE_STANDARD = "gnu++14";
				CLANG_CXX_LIBRARY = "libc++";
				CLANG_ENABLE_MODULES = YES;
				CLANG_ENABLE_OBJC_ARC = YES;
				CLANG_WARN_BLOCK_CAPTURE_AUTORELEASING = YES;
				CLANG_WARN_BOOL_CONVERSION = YES;
				CLANG_WARN_COMMA = YES;
				CLANG_WARN_CONSTANT_CONVERSION = YES;
				CLANG_WARN_DIRECT_OBJC_ISA_USAGE = YES_ERROR;
				CLANG_WARN_DOCUMENTATION_COMMENTS = YES;
				CLANG_WARN_EMPTY_BODY = YES;
				CLANG_WARN_ENUM_CONVERSION = YES;
				CLANG_WARN_INFINITE_RECURSION = YES;
				CLANG_WARN_INT_CONVERSION = YES;
				CLANG_WARN_NON_LITERAL_NULL_CONVERSION = YES;
				CLANG_WARN_OBJC_LITERAL_CONVERSION = YES;
				CLANG_WARN_OBJC_ROOT_CLASS = YES_ERROR;
				CLANG_WARN_RANGE_LOOP_ANALYSIS = YES;
				CLANG_WARN_STRICT_PROTOTYPES = YES;
				CLANG_WARN_SUSPICIOUS_MOVE = YES;
				CLANG_WARN_UNGUARDED_AVAILABILITY = YES_AGGRESSIVE;
				CLANG_WARN_UNREACHABLE_CODE = YES;
				CLANG_WARN__DUPLICATE_METHOD_MATCH = YES;
				CODE_SIGN_IDENTITY = "iPhone Developer";
				COPY_PHASE_STRIP = NO;
				DEBUG_INFORMATION_FORMAT = "dwarf-with-dsym";
				ENABLE_NS_ASSERTIONS = NO;
				ENABLE_STRICT_OBJC_MSGSEND = YES;
				GCC_C_LANGUAGE_STANDARD = gnu11;
				GCC_NO_COMMON_BLOCKS = YES;
				GCC_WARN_64_TO_32_BIT_CONVERSION = YES;
				GCC_WARN_ABOUT_RETURN_TYPE = YES_ERROR;
				GCC_WARN_UNDECLARED_SELECTOR = YES;
				GCC_WARN_UNINITIALIZED_AUTOS = YES_AGGRESSIVE;
				GCC_WARN_UNUSED_FUNCTION = YES;
				GCC_WARN_UNUSED_VARIABLE = YES;
				IPHONEOS_DEPLOYMENT_TARGET = 11.2;
				MTL_ENABLE_DEBUG_INFO = NO;
				SDKROOT = iphoneos;
				SWIFT_OPTIMIZATION_LEVEL = "-Owholemodule";
				VALIDATE_PRODUCT = YES;
			};
			name = Release;
		};
		B015F3C2202446CC0008E054 /* Debug */ = {
			isa = XCBuildConfiguration;
			buildSettings = {
				ASSETCATALOG_COMPILER_APPICON_NAME = AppIcon;
				CODE_SIGN_STYLE = Automatic;
				DEVELOPMENT_TEAM = 9S959SBGCQ;
				INFOPLIST_FILE = CoreDataDemo/Info.plist;
				LD_RUNPATH_SEARCH_PATHS = "$(inherited) @executable_path/Frameworks";
				PRODUCT_BUNDLE_IDENTIFIER = com.chuang.CoreDataDemo;
				PRODUCT_NAME = "$(TARGET_NAME)";
				SWIFT_VERSION = 4.0;
				TARGETED_DEVICE_FAMILY = "1,2";
			};
			name = Debug;
		};
		B015F3C3202446CC0008E054 /* Release */ = {
			isa = XCBuildConfiguration;
			buildSettings = {
				ASSETCATALOG_COMPILER_APPICON_NAME = AppIcon;
				CODE_SIGN_STYLE = Automatic;
				DEVELOPMENT_TEAM = 9S959SBGCQ;
				INFOPLIST_FILE = CoreDataDemo/Info.plist;
				LD_RUNPATH_SEARCH_PATHS = "$(inherited) @executable_path/Frameworks";
				PRODUCT_BUNDLE_IDENTIFIER = com.chuang.CoreDataDemo;
				PRODUCT_NAME = "$(TARGET_NAME)";
				SWIFT_VERSION = 4.0;
				TARGETED_DEVICE_FAMILY = "1,2";
			};
			name = Release;
		};
		B015F3C5202446CC0008E054 /* Debug */ = {
			isa = XCBuildConfiguration;
			buildSettings = {
				ALWAYS_EMBED_SWIFT_STANDARD_LIBRARIES = YES;
				BUNDLE_LOADER = "$(TEST_HOST)";
				CODE_SIGN_STYLE = Automatic;
				DEVELOPMENT_TEAM = 9S959SBGCQ;
				INFOPLIST_FILE = CoreDataDemoTests/Info.plist;
				LD_RUNPATH_SEARCH_PATHS = "$(inherited) @executable_path/Frameworks @loader_path/Frameworks";
				PRODUCT_BUNDLE_IDENTIFIER = com.chuang.CoreDataDemoTests;
				PRODUCT_NAME = "$(TARGET_NAME)";
				SWIFT_VERSION = 4.0;
				TARGETED_DEVICE_FAMILY = "1,2";
				TEST_HOST = "$(BUILT_PRODUCTS_DIR)/CoreDataDemo.app/CoreDataDemo";
			};
			name = Debug;
		};
		B015F3C6202446CC0008E054 /* Release */ = {
			isa = XCBuildConfiguration;
			buildSettings = {
				ALWAYS_EMBED_SWIFT_STANDARD_LIBRARIES = YES;
				BUNDLE_LOADER = "$(TEST_HOST)";
				CODE_SIGN_STYLE = Automatic;
				DEVELOPMENT_TEAM = 9S959SBGCQ;
				INFOPLIST_FILE = CoreDataDemoTests/Info.plist;
				LD_RUNPATH_SEARCH_PATHS = "$(inherited) @executable_path/Frameworks @loader_path/Frameworks";
				PRODUCT_BUNDLE_IDENTIFIER = com.chuang.CoreDataDemoTests;
				PRODUCT_NAME = "$(TARGET_NAME)";
				SWIFT_VERSION = 4.0;
				TARGETED_DEVICE_FAMILY = "1,2";
				TEST_HOST = "$(BUILT_PRODUCTS_DIR)/CoreDataDemo.app/CoreDataDemo";
			};
			name = Release;
		};
		B015F3C8202446CC0008E054 /* Debug */ = {
			isa = XCBuildConfiguration;
			buildSettings = {
				ALWAYS_EMBED_SWIFT_STANDARD_LIBRARIES = YES;
				CODE_SIGN_STYLE = Automatic;
				DEVELOPMENT_TEAM = 9S959SBGCQ;
				INFOPLIST_FILE = CoreDataDemoUITests/Info.plist;
				LD_RUNPATH_SEARCH_PATHS = "$(inherited) @executable_path/Frameworks @loader_path/Frameworks";
				PRODUCT_BUNDLE_IDENTIFIER = com.chuang.CoreDataDemoUITests;
				PRODUCT_NAME = "$(TARGET_NAME)";
				SWIFT_VERSION = 4.0;
				TARGETED_DEVICE_FAMILY = "1,2";
				TEST_TARGET_NAME = CoreDataDemo;
			};
			name = Debug;
		};
		B015F3C9202446CC0008E054 /* Release */ = {
			isa = XCBuildConfiguration;
			buildSettings = {
				ALWAYS_EMBED_SWIFT_STANDARD_LIBRARIES = YES;
				CODE_SIGN_STYLE = Automatic;
				DEVELOPMENT_TEAM = 9S959SBGCQ;
				INFOPLIST_FILE = CoreDataDemoUITests/Info.plist;
				LD_RUNPATH_SEARCH_PATHS = "$(inherited) @executable_path/Frameworks @loader_path/Frameworks";
				PRODUCT_BUNDLE_IDENTIFIER = com.chuang.CoreDataDemoUITests;
				PRODUCT_NAME = "$(TARGET_NAME)";
				SWIFT_VERSION = 4.0;
				TARGETED_DEVICE_FAMILY = "1,2";
				TEST_TARGET_NAME = CoreDataDemo;
			};
			name = Release;
		};
/* End XCBuildConfiguration section */

/* Begin XCConfigurationList section */
		B015F391202446CB0008E054 /* Build configuration list for PBXProject "CoreDataDemo" */ = {
			isa = XCConfigurationList;
			buildConfigurations = (
				B015F3BF202446CC0008E054 /* Debug */,
				B015F3C0202446CC0008E054 /* Release */,
			);
			defaultConfigurationIsVisible = 0;
			defaultConfigurationName = Release;
		};
		B015F3C1202446CC0008E054 /* Build configuration list for PBXNativeTarget "CoreDataDemo" */ = {
			isa = XCConfigurationList;
			buildConfigurations = (
				B015F3C2202446CC0008E054 /* Debug */,
				B015F3C3202446CC0008E054 /* Release */,
			);
			defaultConfigurationIsVisible = 0;
			defaultConfigurationName = Release;
		};
		B015F3C4202446CC0008E054 /* Build configuration list for PBXNativeTarget "CoreDataDemoTests" */ = {
			isa = XCConfigurationList;
			buildConfigurations = (
				B015F3C5202446CC0008E054 /* Debug */,
				B015F3C6202446CC0008E054 /* Release */,
			);
			defaultConfigurationIsVisible = 0;
			defaultConfigurationName = Release;
		};
		B015F3C7202446CC0008E054 /* Build configuration list for PBXNativeTarget "CoreDataDemoUITests" */ = {
			isa = XCConfigurationList;
			buildConfigurations = (
				B015F3C8202446CC0008E054 /* Debug */,
				B015F3C9202446CC0008E054 /* Release */,
			);
			defaultConfigurationIsVisible = 0;
			defaultConfigurationName = Release;
		};
/* End XCConfigurationList section */

/* Begin XCVersionGroup section */
		B015F3A0202446CB0008E054 /* CoreDataDemo.xcdatamodeld */ = {
			isa = XCVersionGroup;
			children = (
				B015F3A1202446CB0008E054 /* CoreDataDemo.xcdatamodel */,
			);
			currentVersion = B015F3A1202446CB0008E054 /* CoreDataDemo.xcdatamodel */;
			path = CoreDataDemo.xcdatamodeld;
			sourceTree = "<group>";
			versionGroupType = wrapper.xcdatamodel;
		};
/* End XCVersionGroup section */
	};
	rootObject = B015F38E202446CB0008E054 /* Project object */;
}
